PODS:
  - BubbleShowCase (1.2.2)

DEPENDENCIES:
  - BubbleShowCase (from `../BubbleShowCase/`)

EXTERNAL SOURCES:
  BubbleShowCase:
    :path: "../BubbleShowCase/"

SPEC CHECKSUMS:
  BubbleShowCase: 11f41ee427caa7f69e82d9a01884b3e1cebff674

PODFILE CHECKSUM: 71fef1c33f481337b8238c6f8bce0ece2ef9c671

COCOAPODS: 1.10.2
